
Microsoft Visual Studio Solution File, Format Version 12.00
# Visual Studio Version 17
VisualStudioVersion = 17.1.32210.238
MinimumVisualStudioVersion = 10.0.40219.1
Project("{FAE04EC0-301F-11D3-BF4B-00C04F79EFBC}") = "SumaParImpar", "SumaParImpar\SumaParImpar.csproj", "{8BA29B43-33AC-42E2-A445-CCED1AFB23BC}"
EndProject
Global
	GlobalSection(SolutionConfigurationPlatforms) = preSolution
		Debug|Any CPU = Debug|Any CPU
		Release|Any CPU = Release|Any CPU
	EndGlobalSection
	GlobalSection(ProjectConfigurationPlatforms) = postSolution
		{8BA29B43-33AC-42E2-A445-CCED1AFB23BC}.Debug|Any CPU.ActiveCfg = Debug|Any CPU
		{8BA29B43-33AC-42E2-A445-CCED1AFB23BC}.Debug|Any CPU.Build.0 = Debug|Any CPU
		{8BA29B43-33AC-42E2-A445-CCED1AFB23BC}.Release|Any CPU.ActiveCfg = Release|Any CPU
		{8BA29B43-33AC-42E2-A445-CCED1AFB23BC}.Release|Any CPU.Build.0 = Release|Any CPU
	EndGlobalSection
	GlobalSection(SolutionProperties) = preSolution
		HideSolutionNode = FALSE
	EndGlobalSection
	GlobalSection(ExtensibilityGlobals) = postSolution
		SolutionGuid = {08475EB9-12E7-47FA-9CE8-E5E10C778944}
	EndGlobalSection
EndGlobal
